{
  "nodes": {
    "home-manager": {
      "inputs": {
        "nixpkgs": [
          "nixpkgs"
        ]
      },
      "locked": {
        "lastModified": 1741416850,
        "narHash": "sha256-iqRxCsRxE/Q/3W1RHxQMthPKEda0hhY65uxEpE5TNk4=",
        "owner": "nix-community",
        "repo": "home-manager",
        "rev": "26f6b862645ff281f3bada5d406e8c20de8d837c",
        "type": "github"
      },
      "original": {
        "owner": "nix-community",
        "repo": "home-manager",
        "type": "github"
      }
    },
    "nixpkgs": {
      "locked": {
        "lastModified": 1741246872,
        "narHash": "sha256-Q6pMP4a9ed636qilcYX8XUguvKl/0/LGXhHcRI91p0U=",
        "owner": "nixos",
        "repo": "nixpkgs",
        "rev": "10069ef4cf863633f57238f179a0297de84bd8d3",
        "type": "github"
      },
      "original": {
        "owner": "nixos",
        "ref": "nixos-unstable",
        "repo": "nixpkgs",
        "type": "github"
      }
    },
    "nord-wallpapers": {
      "inputs": {
        "nixpkgs": [
          "nixpkgs"
        ]
      },
      "locked": {
        "lastModified": 1740671381,
        "narHash": "sha256-931Vg0e7QLcdSfHC8VVA/66f8/QdUDBaeEWOvx7fPkk=",
        "owner": "Gurjaka",
        "repo": "Nord-Wallpapers",
        "rev": "305442e352f92ed77f68467f3766d94597a8b929",
        "type": "github"
      },
      "original": {
        "owner": "Gurjaka",
        "repo": "Nord-Wallpapers",
        "type": "github"
      }
    },
    "nordic": {
      "flake": false,
      "locked": {
        "lastModified": 1741029570,
        "narHash": "sha256-Q53bkgmnHadq4wv1Zm+YsOmq5iFj0JKH98hv5VTlpm0=",
        "owner": "EliverLara",
        "repo": "Nordic",
        "rev": "3887691e9b3d755e2d24477a4b81b8ba4286ade7",
        "type": "github"
      },
      "original": {
        "owner": "EliverLara",
        "repo": "Nordic",
        "type": "github"
      }
    },
    "qtile-extras-flake": {
      "flake": false,
      "locked": {
        "lastModified": 1741441604,
        "narHash": "sha256-OD9L8aeTAUu+G+WkPA6RtTSx0jyAs5c6PGjlZcoWMM0=",
        "owner": "elparaguayo",
        "repo": "qtile-extras",
        "rev": "52f9f3f4400f1ad0539ed1f3077419465533b714",
        "type": "github"
      },
      "original": {
        "owner": "elparaguayo",
        "repo": "qtile-extras",
        "type": "github"
      }
    },
    "qtile-flake": {
      "inputs": {
        "nixpkgs": [
          "nixpkgs"
        ]
      },
      "locked": {
        "lastModified": 1741381863,
        "narHash": "sha256-aBVIkyR906+vSLDNxvkmWu6DBujZHErSi+aZPVMRuCI=",
        "owner": "qtile",
        "repo": "qtile",
        "rev": "8666bfc892d16adf45b72b9f1c4b119d58bcbad7",
        "type": "github"
      },
      "original": {
        "owner": "qtile",
        "repo": "qtile",
        "type": "github"
      }
    },
    "root": {
      "inputs": {
        "home-manager": "home-manager",
        "nixpkgs": "nixpkgs",
        "nord-wallpapers": "nord-wallpapers",
        "nordic": "nordic",
        "qtile-extras-flake": "qtile-extras-flake",
        "qtile-flake": "qtile-flake",
        "spicetify-nix": "spicetify-nix"
      }
    },
    "spicetify-nix": {
      "inputs": {
        "nixpkgs": [
          "nixpkgs"
        ],
        "systems": "systems"
      },
      "locked": {
        "lastModified": 1740889006,
        "narHash": "sha256-A1iyKVvZrLdLwqWPC9OvPjC85ADQn2R1EGfCzJBl+wI=",
        "owner": "Gerg-L",
        "repo": "spicetify-nix",
        "rev": "f8d3757d4ae3af2175a631fb9598a42d30ee75fc",
        "type": "github"
      },
      "original": {
        "owner": "Gerg-L",
        "repo": "spicetify-nix",
        "type": "github"
      }
    },
    "systems": {
      "locked": {
        "lastModified": 1681028828,
        "narHash": "sha256-Vy1rq5AaRuLzOxct8nz4T6wlgyUR7zLU309k9mBC768=",
        "owner": "nix-systems",
        "repo": "default",
        "rev": "da67096a3b9bf56a91d16901293e51ba5b49a27e",
        "type": "github"
      },
      "original": {
        "owner": "nix-systems",
        "repo": "default",
        "type": "github"
      }
    }
  },
  "root": "root",
  "version": 7
}
